Microsoft Visual Studio Solution File, Format Version 9.00
# Visual Studio 2005
Project("{8BC9CEB8-8B4A-11D0-8D11-00A0C91BC942}") = "Lab2_LNguyenKSareen", "Lab2_LNguyenKSareen.vcproj", "{0CA28961-88BE-4536-8B7D-F51A2115F367}"
EndProject
Global
	GlobalSection(SolutionConfigurationPlatforms) = preSolution
		Debug|Win32 = Debug|Win32
		Release|Win32 = Release|Win32
	EndGlobalSection
	GlobalSection(ProjectConfigurationPlatforms) = postSolution
		{0CA28961-88BE-4536-8B7D-F51A2115F367}.Debug|Win32.ActiveCfg = Debug|Win32
		{0CA28961-88BE-4536-8B7D-F51A2115F367}.Debug|Win32.Build.0 = Debug|Win32
		{0CA28961-88BE-4536-8B7D-F51A2115F367}.Release|Win32.ActiveCfg = Release|Win32
		{0CA28961-88BE-4536-8B7D-F51A2115F367}.Release|Win32.Build.0 = Release|Win32
	EndGlobalSection
	GlobalSection(SolutionProperties) = preSolution
		HideSolutionNode = FALSE
	EndGlobalSection
EndGlobal
